
Microsoft Visual Studio Solution File, Format Version 12.00
# Visual Studio Version 16
VisualStudioVersion = 16.0.30907.101
MinimumVisualStudioVersion = 10.0.40219.1
Project("{FAE04EC0-301F-11D3-BF4B-00C04F79EFBC}") = "WebApplication20", "WebApplication20\WebApplication20.csproj", "{2115A151-2A50-482F-9FCF-C3CDFB82D85C}"
EndProject
Global
	GlobalSection(SolutionConfigurationPlatforms) = preSolution
		Debug|Any CPU = Debug|Any CPU
		Release|Any CPU = Release|Any CPU
	EndGlobalSection
	GlobalSection(ProjectConfigurationPlatforms) = postSolution
		{2115A151-2A50-482F-9FCF-C3CDFB82D85C}.Debug|Any CPU.ActiveCfg = Debug|Any CPU
		{2115A151-2A50-482F-9FCF-C3CDFB82D85C}.Debug|Any CPU.Build.0 = Debug|Any CPU
		{2115A151-2A50-482F-9FCF-C3CDFB82D85C}.Release|Any CPU.ActiveCfg = Release|Any CPU
		{2115A151-2A50-482F-9FCF-C3CDFB82D85C}.Release|Any CPU.Build.0 = Release|Any CPU
	EndGlobalSection
	GlobalSection(SolutionProperties) = preSolution
		HideSolutionNode = FALSE
	EndGlobalSection
	GlobalSection(ExtensibilityGlobals) = postSolution
		SolutionGuid = {2F98A6F0-D811-4B44-9A42-B0FD87EF0FA8}
	EndGlobalSection
EndGlobal
